
Microsoft Visual Studio Solution File, Format Version 12.00
# Visual Studio Version 16
VisualStudioVersion = 16.0.32106.194
MinimumVisualStudioVersion = 10.0.40219.1
Project("{FAE04EC0-301F-11D3-BF4B-00C04F79EFBC}") = "Vulcan Project", "Vulcan Project\Vulcan Project.csproj", "{B148E719-EF27-4A39-B832-41E65CA484EA}"
EndProject
Global
	GlobalSection(SolutionConfigurationPlatforms) = preSolution
		Debug|Any CPU = Debug|Any CPU
		Release|Any CPU = Release|Any CPU
	EndGlobalSection
	GlobalSection(ProjectConfigurationPlatforms) = postSolution
		{B148E719-EF27-4A39-B832-41E65CA484EA}.Debug|Any CPU.ActiveCfg = Debug|Any CPU
		{B148E719-EF27-4A39-B832-41E65CA484EA}.Debug|Any CPU.Build.0 = Debug|Any CPU
		{B148E719-EF27-4A39-B832-41E65CA484EA}.Release|Any CPU.ActiveCfg = Release|Any CPU
		{B148E719-EF27-4A39-B832-41E65CA484EA}.Release|Any CPU.Build.0 = Release|Any CPU
	EndGlobalSection
	GlobalSection(SolutionProperties) = preSolution
		HideSolutionNode = FALSE
	EndGlobalSection
	GlobalSection(ExtensibilityGlobals) = postSolution
		SolutionGuid = {FA594EF6-48E8-40DA-82A7-DE80EB7A2996}
	EndGlobalSection
EndGlobal
